
Microsoft Visual Studio Solution File, Format Version 12.00
# Visual Studio Version 16
VisualStudioVersion = 16.0.30204.135
MinimumVisualStudioVersion = 10.0.40219.1
Project("{FAE04EC0-301F-11D3-BF4B-00C04F79EFBC}") = "ConsoleApp1", "ConsoleApp1\ConsoleApp1.csproj", "{143FA4DC-BB51-44E0-BBD0-CF7262201E93}"
EndProject
Global
	GlobalSection(SolutionConfigurationPlatforms) = preSolution
		Debug|Any CPU = Debug|Any CPU
		Release|Any CPU = Release|Any CPU
	EndGlobalSection
	GlobalSection(ProjectConfigurationPlatforms) = postSolution
		{143FA4DC-BB51-44E0-BBD0-CF7262201E93}.Debug|Any CPU.ActiveCfg = Debug|Any CPU
		{143FA4DC-BB51-44E0-BBD0-CF7262201E93}.Debug|Any CPU.Build.0 = Debug|Any CPU
		{143FA4DC-BB51-44E0-BBD0-CF7262201E93}.Release|Any CPU.ActiveCfg = Release|Any CPU
		{143FA4DC-BB51-44E0-BBD0-CF7262201E93}.Release|Any CPU.Build.0 = Release|Any CPU
	EndGlobalSection
	GlobalSection(SolutionProperties) = preSolution
		HideSolutionNode = FALSE
	EndGlobalSection
	GlobalSection(ExtensibilityGlobals) = postSolution
		SolutionGuid = {315FD242-9009-4F44-86D7-46FAC3885CDC}
	EndGlobalSection
EndGlobal
